
Microsoft Visual Studio Solution File, Format Version 12.00
# Visual Studio Version 17
VisualStudioVersion = 17.6.33815.320
MinimumVisualStudioVersion = 10.0.40219.1
Project("{FAE04EC0-301F-11D3-BF4B-00C04F79EFBC}") = "DoAnLau-API", "DoAnLau-API\DoAnLau-API.csproj", "{CA6DD9E4-DFB0-4A99-926C-4EBF8A8F92A4}"
EndProject
Global
	GlobalSection(SolutionConfigurationPlatforms) = preSolution
		Debug|Any CPU = Debug|Any CPU
		Release|Any CPU = Release|Any CPU
	EndGlobalSection
	GlobalSection(ProjectConfigurationPlatforms) = postSolution
		{CA6DD9E4-DFB0-4A99-926C-4EBF8A8F92A4}.Debug|Any CPU.ActiveCfg = Debug|Any CPU
		{CA6DD9E4-DFB0-4A99-926C-4EBF8A8F92A4}.Debug|Any CPU.Build.0 = Debug|Any CPU
		{CA6DD9E4-DFB0-4A99-926C-4EBF8A8F92A4}.Release|Any CPU.ActiveCfg = Release|Any CPU
		{CA6DD9E4-DFB0-4A99-926C-4EBF8A8F92A4}.Release|Any CPU.Build.0 = Release|Any CPU
	EndGlobalSection
	GlobalSection(SolutionProperties) = preSolution
		HideSolutionNode = FALSE
	EndGlobalSection
	GlobalSection(ExtensibilityGlobals) = postSolution
		SolutionGuid = {8AA4F3CB-60BC-4E65-957F-A81C546F68E3}
	EndGlobalSection
EndGlobal
